
Microsoft Visual Studio Solution File, Format Version 12.00
# Visual Studio 15
VisualStudioVersion = 15.0.28307.1340
MinimumVisualStudioVersion = 10.0.40219.1
Project("{FAE04EC0-301F-11D3-BF4B-00C04F79EFBC}") = "NumGuessingGame", "NumGuessingGame\NumGuessingGame.csproj", "{9C70E2FD-AF12-4C10-BDCD-392B848810AF}"
EndProject
Global
	GlobalSection(SolutionConfigurationPlatforms) = preSolution
		Debug|Any CPU = Debug|Any CPU
		Release|Any CPU = Release|Any CPU
	EndGlobalSection
	GlobalSection(ProjectConfigurationPlatforms) = postSolution
		{9C70E2FD-AF12-4C10-BDCD-392B848810AF}.Debug|Any CPU.ActiveCfg = Debug|Any CPU
		{9C70E2FD-AF12-4C10-BDCD-392B848810AF}.Debug|Any CPU.Build.0 = Debug|Any CPU
		{9C70E2FD-AF12-4C10-BDCD-392B848810AF}.Release|Any CPU.ActiveCfg = Release|Any CPU
		{9C70E2FD-AF12-4C10-BDCD-392B848810AF}.Release|Any CPU.Build.0 = Release|Any CPU
	EndGlobalSection
	GlobalSection(SolutionProperties) = preSolution
		HideSolutionNode = FALSE
	EndGlobalSection
	GlobalSection(ExtensibilityGlobals) = postSolution
		SolutionGuid = {DD90EED2-D6B8-47C3-BBDD-AE9438D91A8E}
	EndGlobalSection
EndGlobal
