
Microsoft Visual Studio Solution File, Format Version 12.00
# Visual Studio 15
VisualStudioVersion = 15.0.28307.1340
MinimumVisualStudioVersion = 10.0.40219.1
Project("{FAE04EC0-301F-11D3-BF4B-00C04F79EFBC}") = "AgeCalculator", "AgeCalculator\AgeCalculator.csproj", "{8AE452D3-BCB2-409D-BA15-60437292F241}"
EndProject
Global
	GlobalSection(SolutionConfigurationPlatforms) = preSolution
		Debug|Any CPU = Debug|Any CPU
		Release|Any CPU = Release|Any CPU
	EndGlobalSection
	GlobalSection(ProjectConfigurationPlatforms) = postSolution
		{8AE452D3-BCB2-409D-BA15-60437292F241}.Debug|Any CPU.ActiveCfg = Debug|Any CPU
		{8AE452D3-BCB2-409D-BA15-60437292F241}.Debug|Any CPU.Build.0 = Debug|Any CPU
		{8AE452D3-BCB2-409D-BA15-60437292F241}.Release|Any CPU.ActiveCfg = Release|Any CPU
		{8AE452D3-BCB2-409D-BA15-60437292F241}.Release|Any CPU.Build.0 = Release|Any CPU
	EndGlobalSection
	GlobalSection(SolutionProperties) = preSolution
		HideSolutionNode = FALSE
	EndGlobalSection
	GlobalSection(ExtensibilityGlobals) = postSolution
		SolutionGuid = {2B7377F8-C217-454F-99A0-360485C53E87}
	EndGlobalSection
EndGlobal
